// !$*UTF8*$!
{
	archiveVersion = 1;
	classes = {
	};
	objectVersion = 56;
	objects = {

/* Begin PBXBuildFile section */
		03BAF90A2BF3A4E9005E2DC8 /* LeagueDetailsCollectionViewController.swift in Sources */ = {isa = PBXBuildFile; fileRef = 03BAF9092BF3A4E9005E2DC8 /* LeagueDetailsCollectionViewController.swift */; };
		03BAF90C2BF3A551005E2DC8 /* LeagueDetailsModel.swift in Sources */ = {isa = PBXBuildFile; fileRef = 03BAF90B2BF3A551005E2DC8 /* LeagueDetailsModel.swift */; };
		03BAF90E2BF3A5A4005E2DC8 /* UpComingEventsCollectionViewCell.swift in Sources */ = {isa = PBXBuildFile; fileRef = 03BAF90D2BF3A5A4005E2DC8 /* UpComingEventsCollectionViewCell.swift */; };
		03BAF9102BF3A65D005E2DC8 /* LatestEventsCollectionViewCell.swift in Sources */ = {isa = PBXBuildFile; fileRef = 03BAF90F2BF3A65D005E2DC8 /* LatestEventsCollectionViewCell.swift */; };
		03BAF9122BF3A6D7005E2DC8 /* TeamsCollectionViewCell.swift in Sources */ = {isa = PBXBuildFile; fileRef = 03BAF9112BF3A6D7005E2DC8 /* TeamsCollectionViewCell.swift */; };
		03BAF9142BF3A72B005E2DC8 /* SectionHeaderCollectionReusableView.swift in Sources */ = {isa = PBXBuildFile; fileRef = 03BAF9132BF3A72B005E2DC8 /* SectionHeaderCollectionReusableView.swift */; };
		39003E512BF12D250062B1AE /* AppDelegate.swift in Sources */ = {isa = PBXBuildFile; fileRef = 39003E502BF12D250062B1AE /* AppDelegate.swift */; };
		39003E532BF12D250062B1AE /* SceneDelegate.swift in Sources */ = {isa = PBXBuildFile; fileRef = 39003E522BF12D250062B1AE /* SceneDelegate.swift */; };
		39003E582BF12D250062B1AE /* Base in Resources */ = {isa = PBXBuildFile; fileRef = 39003E572BF12D250062B1AE /* Base */; };
		39003E5B2BF12D250062B1AE /* Sports.xcdatamodeld in Sources */ = {isa = PBXBuildFile; fileRef = 39003E592BF12D250062B1AE /* Sports.xcdatamodeld */; };
		39003E5D2BF12D260062B1AE /* Assets.xcassets in Resources */ = {isa = PBXBuildFile; fileRef = 39003E5C2BF12D260062B1AE /* Assets.xcassets */; };
		39003E602BF12D260062B1AE /* Base in Resources */ = {isa = PBXBuildFile; fileRef = 39003E5F2BF12D260062B1AE /* Base */; };
		39003E6B2BF12D270062B1AE /* SportsTests.swift in Sources */ = {isa = PBXBuildFile; fileRef = 39003E6A2BF12D270062B1AE /* SportsTests.swift */; };
		39003E752BF12D270062B1AE /* SportsUITests.swift in Sources */ = {isa = PBXBuildFile; fileRef = 39003E742BF12D270062B1AE /* SportsUITests.swift */; };
		39003E772BF12D270062B1AE /* SportsUITestsLaunchTests.swift in Sources */ = {isa = PBXBuildFile; fileRef = 39003E762BF12D270062B1AE /* SportsUITestsLaunchTests.swift */; };
		39003E872BF12D680062B1AE /* HomeCollectionViewCell.xib in Resources */ = {isa = PBXBuildFile; fileRef = 39003E862BF12D680062B1AE /* HomeCollectionViewCell.xib */; };
		39003E882BF12D680062B1AE /* HomeCollectionViewCell.swift in Sources */ = {isa = PBXBuildFile; fileRef = 39003E852BF12D680062B1AE /* HomeCollectionViewCell.swift */; };
		39003E8D2BF12D8A0062B1AE /* ViewModel.swift in Sources */ = {isa = PBXBuildFile; fileRef = 39003E8C2BF12D8A0062B1AE /* ViewModel.swift */; };
		39003E902BF12DB70062B1AE /* NetworkHandler.swift in Sources */ = {isa = PBXBuildFile; fileRef = 39003E8F2BF12DB70062B1AE /* NetworkHandler.swift */; };
		39003E922BF12DFC0062B1AE /* Sport.swift in Sources */ = {isa = PBXBuildFile; fileRef = 39003E912BF12DFC0062B1AE /* Sport.swift */; };
		39003E942BF12E350062B1AE /* Leagues.swift in Sources */ = {isa = PBXBuildFile; fileRef = 39003E932BF12E350062B1AE /* Leagues.swift */; };
		39003E962BF12EAC0062B1AE /* HomeCollectionViewController.swift in Sources */ = {isa = PBXBuildFile; fileRef = 39003E952BF12EAC0062B1AE /* HomeCollectionViewController.swift */; };
		39BEB3F12BF13A540079327F /* LeaguesViewModel.swift in Sources */ = {isa = PBXBuildFile; fileRef = 39BEB3F02BF13A540079327F /* LeaguesViewModel.swift */; };
		39BEB3F32BF13A7A0079327F /* LeaguesTableViewController.swift in Sources */ = {isa = PBXBuildFile; fileRef = 39BEB3F22BF13A7A0079327F /* LeaguesTableViewController.swift */; };
		39BEB3F62BF13A9C0079327F /* LeaguesTableViewCell.swift in Sources */ = {isa = PBXBuildFile; fileRef = 39BEB3F42BF13A9C0079327F /* LeaguesTableViewCell.swift */; };
		39BEB3F72BF13A9C0079327F /* LeaguesTableViewCell.xib in Resources */ = {isa = PBXBuildFile; fileRef = 39BEB3F52BF13A9C0079327F /* LeaguesTableViewCell.xib */; };
		39BEB3FA2BF146DB0079327F /* Kingfisher in Frameworks */ = {isa = PBXBuildFile; productRef = 39BEB3F92BF146DB0079327F /* Kingfisher */; };
/* End PBXBuildFile section */

/* Begin PBXContainerItemProxy section */
		39003E672BF12D270062B1AE /* PBXContainerItemProxy */ = {
			isa = PBXContainerItemProxy;
			containerPortal = 39003E452BF12D250062B1AE /* Project object */;
			proxyType = 1;
			remoteGlobalIDString = 39003E4C2BF12D250062B1AE;
			remoteInfo = Sports;
		};
		39003E712BF12D270062B1AE /* PBXContainerItemProxy */ = {
			isa = PBXContainerItemProxy;
			containerPortal = 39003E452BF12D250062B1AE /* Project object */;
			proxyType = 1;
			remoteGlobalIDString = 39003E4C2BF12D250062B1AE;
			remoteInfo = Sports;
		};
/* End PBXContainerItemProxy section */

/* Begin PBXFileReference section */
		03BAF9092BF3A4E9005E2DC8 /* LeagueDetailsCollectionViewController.swift */ = {isa = PBXFileReference; lastKnownFileType = sourcecode.swift; path = LeagueDetailsCollectionViewController.swift; sourceTree = "<group>"; };
		03BAF90B2BF3A551005E2DC8 /* LeagueDetailsModel.swift */ = {isa = PBXFileReference; lastKnownFileType = sourcecode.swift; path = LeagueDetailsModel.swift; sourceTree = "<group>"; };
		03BAF90D2BF3A5A4005E2DC8 /* UpComingEventsCollectionViewCell.swift */ = {isa = PBXFileReference; lastKnownFileType = sourcecode.swift; path = UpComingEventsCollectionViewCell.swift; sourceTree = "<group>"; };
		03BAF90F2BF3A65D005E2DC8 /* LatestEventsCollectionViewCell.swift */ = {isa = PBXFileReference; lastKnownFileType = sourcecode.swift; path = LatestEventsCollectionViewCell.swift; sourceTree = "<group>"; };
		03BAF9112BF3A6D7005E2DC8 /* TeamsCollectionViewCell.swift */ = {isa = PBXFileReference; lastKnownFileType = sourcecode.swift; path = TeamsCollectionViewCell.swift; sourceTree = "<group>"; };
		03BAF9132BF3A72B005E2DC8 /* SectionHeaderCollectionReusableView.swift */ = {isa = PBXFileReference; lastKnownFileType = sourcecode.swift; path = SectionHeaderCollectionReusableView.swift; sourceTree = "<group>"; };
		39003E4D2BF12D250062B1AE /* Sports.app */ = {isa = PBXFileReference; explicitFileType = wrapper.application; includeInIndex = 0; path = Sports.app; sourceTree = BUILT_PRODUCTS_DIR; };
		39003E502BF12D250062B1AE /* AppDelegate.swift */ = {isa = PBXFileReference; lastKnownFileType = sourcecode.swift; path = AppDelegate.swift; sourceTree = "<group>"; };
		39003E522BF12D250062B1AE /* SceneDelegate.swift */ = {isa = PBXFileReference; lastKnownFileType = sourcecode.swift; path = SceneDelegate.swift; sourceTree = "<group>"; };
		39003E572BF12D250062B1AE /* Base */ = {isa = PBXFileReference; lastKnownFileType = file.storyboard; name = Base; path = Base.lproj/Main.storyboard; sourceTree = "<group>"; };
		39003E5A2BF12D250062B1AE /* Sports.xcdatamodel */ = {isa = PBXFileReference; lastKnownFileType = wrapper.xcdatamodel; path = Sports.xcdatamodel; sourceTree = "<group>"; };
		39003E5C2BF12D260062B1AE /* Assets.xcassets */ = {isa = PBXFileReference; lastKnownFileType = folder.assetcatalog; path = Assets.xcassets; sourceTree = "<group>"; };
		39003E5F2BF12D260062B1AE /* Base */ = {isa = PBXFileReference; lastKnownFileType = file.storyboard; name = Base; path = Base.lproj/LaunchScreen.storyboard; sourceTree = "<group>"; };
		39003E612BF12D260062B1AE /* Info.plist */ = {isa = PBXFileReference; lastKnownFileType = text.plist.xml; path = Info.plist; sourceTree = "<group>"; };
		39003E662BF12D270062B1AE /* SportsTests.xctest */ = {isa = PBXFileReference; explicitFileType = wrapper.cfbundle; includeInIndex = 0; path = SportsTests.xctest; sourceTree = BUILT_PRODUCTS_DIR; };
		39003E6A2BF12D270062B1AE /* SportsTests.swift */ = {isa = PBXFileReference; lastKnownFileType = sourcecode.swift; path = SportsTests.swift; sourceTree = "<group>"; };
		39003E702BF12D270062B1AE /* SportsUITests.xctest */ = {isa = PBXFileReference; explicitFileType = wrapper.cfbundle; includeInIndex = 0; path = SportsUITests.xctest; sourceTree = BUILT_PRODUCTS_DIR; };
		39003E742BF12D270062B1AE /* SportsUITests.swift */ = {isa = PBXFileReference; lastKnownFileType = sourcecode.swift; path = SportsUITests.swift; sourceTree = "<group>"; };
		39003E762BF12D270062B1AE /* SportsUITestsLaunchTests.swift */ = {isa = PBXFileReference; lastKnownFileType = sourcecode.swift; path = SportsUITestsLaunchTests.swift; sourceTree = "<group>"; };
		39003E852BF12D680062B1AE /* HomeCollectionViewCell.swift */ = {isa = PBXFileReference; lastKnownFileType = sourcecode.swift; path = HomeCollectionViewCell.swift; sourceTree = "<group>"; };
		39003E862BF12D680062B1AE /* HomeCollectionViewCell.xib */ = {isa = PBXFileReference; lastKnownFileType = file.xib; path = HomeCollectionViewCell.xib; sourceTree = "<group>"; };
		39003E8C2BF12D8A0062B1AE /* ViewModel.swift */ = {isa = PBXFileReference; lastKnownFileType = sourcecode.swift; path = ViewModel.swift; sourceTree = "<group>"; };
		39003E8F2BF12DB70062B1AE /* NetworkHandler.swift */ = {isa = PBXFileReference; lastKnownFileType = sourcecode.swift; path = NetworkHandler.swift; sourceTree = "<group>"; };
		39003E912BF12DFC0062B1AE /* Sport.swift */ = {isa = PBXFileReference; lastKnownFileType = sourcecode.swift; path = Sport.swift; sourceTree = "<group>"; };
		39003E932BF12E350062B1AE /* Leagues.swift */ = {isa = PBXFileReference; lastKnownFileType = sourcecode.swift; path = Leagues.swift; sourceTree = "<group>"; };
		39003E952BF12EAC0062B1AE /* HomeCollectionViewController.swift */ = {isa = PBXFileReference; lastKnownFileType = sourcecode.swift; path = HomeCollectionViewController.swift; sourceTree = "<group>"; };
		39BEB3F02BF13A540079327F /* LeaguesViewModel.swift */ = {isa = PBXFileReference; lastKnownFileType = sourcecode.swift; path = LeaguesViewModel.swift; sourceTree = "<group>"; };
		39BEB3F22BF13A7A0079327F /* LeaguesTableViewController.swift */ = {isa = PBXFileReference; lastKnownFileType = sourcecode.swift; path = LeaguesTableViewController.swift; sourceTree = "<group>"; };
		39BEB3F42BF13A9C0079327F /* LeaguesTableViewCell.swift */ = {isa = PBXFileReference; lastKnownFileType = sourcecode.swift; path = LeaguesTableViewCell.swift; sourceTree = "<group>"; };
		39BEB3F52BF13A9C0079327F /* LeaguesTableViewCell.xib */ = {isa = PBXFileReference; lastKnownFileType = file.xib; path = LeaguesTableViewCell.xib; sourceTree = "<group>"; };
/* End PBXFileReference section */

/* Begin PBXFrameworksBuildPhase section */
		39003E4A2BF12D250062B1AE /* Frameworks */ = {
			isa = PBXFrameworksBuildPhase;
			buildActionMask = 2147483647;
			files = (
				39BEB3FA2BF146DB0079327F /* Kingfisher in Frameworks */,
			);
			runOnlyForDeploymentPostprocessing = 0;
		};
		39003E632BF12D270062B1AE /* Frameworks */ = {
			isa = PBXFrameworksBuildPhase;
			buildActionMask = 2147483647;
			files = (
			);
			runOnlyForDeploymentPostprocessing = 0;
		};
		39003E6D2BF12D270062B1AE /* Frameworks */ = {
			isa = PBXFrameworksBuildPhase;
			buildActionMask = 2147483647;
			files = (
			);
			runOnlyForDeploymentPostprocessing = 0;
		};
/* End PBXFrameworksBuildPhase section */

/* Begin PBXGroup section */
		03BAF9052BF3A478005E2DC8 /* LeagueDetailsScreen */ = {
			isa = PBXGroup;
			children = (
				03BAF9082BF3A49E005E2DC8 /* Model */,
				03BAF9072BF3A48E005E2DC8 /* ViewModel */,
				03BAF9062BF3A489005E2DC8 /* View */,
			);
			path = LeagueDetailsScreen;
			sourceTree = "<group>";
		};
		03BAF9062BF3A489005E2DC8 /* View */ = {
			isa = PBXGroup;
			children = (
				03BAF9092BF3A4E9005E2DC8 /* LeagueDetailsCollectionViewController.swift */,
				03BAF90D2BF3A5A4005E2DC8 /* UpComingEventsCollectionViewCell.swift */,
				03BAF90F2BF3A65D005E2DC8 /* LatestEventsCollectionViewCell.swift */,
				03BAF9112BF3A6D7005E2DC8 /* TeamsCollectionViewCell.swift */,
				03BAF9132BF3A72B005E2DC8 /* SectionHeaderCollectionReusableView.swift */,
			);
			path = View;
			sourceTree = "<group>";
		};
		03BAF9072BF3A48E005E2DC8 /* ViewModel */ = {
			isa = PBXGroup;
			children = (
			);
			path = ViewModel;
			sourceTree = "<group>";
		};
		03BAF9082BF3A49E005E2DC8 /* Model */ = {
			isa = PBXGroup;
			children = (
				03BAF90B2BF3A551005E2DC8 /* LeagueDetailsModel.swift */,
			);
			path = Model;
			sourceTree = "<group>";
		};
		39003E442BF12D250062B1AE = {
			isa = PBXGroup;
			children = (
				03BAF9052BF3A478005E2DC8 /* LeagueDetailsScreen */,
				3901E6D52BF27A9000C9155F /* FavoritesScreen */,
				39BEB3EC2BF13A1D0079327F /* LeaguesScreen */,
				39003E8E2BF12DA00062B1AE /* Service */,
				39003E842BF12D3E0062B1AE /* View */,
				39003E832BF12D360062B1AE /* HomeScreen */,
				39003E4F2BF12D250062B1AE /* Sports */,
				39003E692BF12D270062B1AE /* SportsTests */,
				39003E732BF12D270062B1AE /* SportsUITests */,
				39003E4E2BF12D250062B1AE /* Products */,
			);
			sourceTree = "<group>";
		};
		39003E4E2BF12D250062B1AE /* Products */ = {
			isa = PBXGroup;
			children = (
				39003E4D2BF12D250062B1AE /* Sports.app */,
				39003E662BF12D270062B1AE /* SportsTests.xctest */,
				39003E702BF12D270062B1AE /* SportsUITests.xctest */,
			);
			name = Products;
			sourceTree = "<group>";
		};
		39003E4F2BF12D250062B1AE /* Sports */ = {
			isa = PBXGroup;
			children = (
				39003E502BF12D250062B1AE /* AppDelegate.swift */,
				39003E522BF12D250062B1AE /* SceneDelegate.swift */,
				39003E5C2BF12D260062B1AE /* Assets.xcassets */,
				39003E612BF12D260062B1AE /* Info.plist */,
				39003E592BF12D250062B1AE /* Sports.xcdatamodeld */,
			);
			path = Sports;
			sourceTree = "<group>";
		};
		39003E692BF12D270062B1AE /* SportsTests */ = {
			isa = PBXGroup;
			children = (
				39003E6A2BF12D270062B1AE /* SportsTests.swift */,
			);
			path = SportsTests;
			sourceTree = "<group>";
		};
		39003E732BF12D270062B1AE /* SportsUITests */ = {
			isa = PBXGroup;
			children = (
				39003E742BF12D270062B1AE /* SportsUITests.swift */,
				39003E762BF12D270062B1AE /* SportsUITestsLaunchTests.swift */,
			);
			path = SportsUITests;
			sourceTree = "<group>";
		};
		39003E832BF12D360062B1AE /* HomeScreen */ = {
			isa = PBXGroup;
			children = (
				39003E8B2BF12D7E0062B1AE /* ViewModel */,
				39003E8A2BF12D770062B1AE /* Model */,
				39003E892BF12D6C0062B1AE /* View */,
			);
			path = HomeScreen;
			sourceTree = "<group>";
		};
		39003E842BF12D3E0062B1AE /* View */ = {
			isa = PBXGroup;
			children = (
				39003E562BF12D250062B1AE /* Main.storyboard */,
				39003E5E2BF12D260062B1AE /* LaunchScreen.storyboard */,
			);
			path = View;
			sourceTree = "<group>";
		};
		39003E892BF12D6C0062B1AE /* View */ = {
			isa = PBXGroup;
			children = (
				39003E852BF12D680062B1AE /* HomeCollectionViewCell.swift */,
				39003E862BF12D680062B1AE /* HomeCollectionViewCell.xib */,
				39003E952BF12EAC0062B1AE /* HomeCollectionViewController.swift */,
			);
			path = View;
			sourceTree = "<group>";
		};
		39003E8A2BF12D770062B1AE /* Model */ = {
			isa = PBXGroup;
			children = (
				39003E912BF12DFC0062B1AE /* Sport.swift */,
			);
			path = Model;
			sourceTree = "<group>";
		};
		39003E8B2BF12D7E0062B1AE /* ViewModel */ = {
			isa = PBXGroup;
			children = (
				39003E8C2BF12D8A0062B1AE /* ViewModel.swift */,
			);
			path = ViewModel;
			sourceTree = "<group>";
		};
		39003E8E2BF12DA00062B1AE /* Service */ = {
			isa = PBXGroup;
			children = (
				39003E8F2BF12DB70062B1AE /* NetworkHandler.swift */,
			);
			path = Service;
			sourceTree = "<group>";
		};
		3901E6D52BF27A9000C9155F /* FavoritesScreen */ = {
			isa = PBXGroup;
			children = (
				3901E6D82BF27ABD00C9155F /* Model */,
				3901E6D72BF27AB400C9155F /* ViewModel */,
				3901E6D62BF27AAE00C9155F /* VIew */,
			);
			path = FavoritesScreen;
			sourceTree = "<group>";
		};
		3901E6D62BF27AAE00C9155F /* VIew */ = {
			isa = PBXGroup;
			children = (
			);
			path = VIew;
			sourceTree = "<group>";
		};
		3901E6D72BF27AB400C9155F /* ViewModel */ = {
			isa = PBXGroup;
			children = (
			);
			path = ViewModel;
			sourceTree = "<group>";
		};
		3901E6D82BF27ABD00C9155F /* Model */ = {
			isa = PBXGroup;
			children = (
			);
			path = Model;
			sourceTree = "<group>";
		};
		39BEB3EC2BF13A1D0079327F /* LeaguesScreen */ = {
			isa = PBXGroup;
			children = (
				39BEB3EF2BF13A370079327F /* ViewModel */,
				39BEB3EE2BF13A310079327F /* Model */,
				39BEB3ED2BF13A2C0079327F /* View */,
			);
			path = LeaguesScreen;
			sourceTree = "<group>";
		};
		39BEB3ED2BF13A2C0079327F /* View */ = {
			isa = PBXGroup;
			children = (
				39BEB3F22BF13A7A0079327F /* LeaguesTableViewController.swift */,
				39BEB3F42BF13A9C0079327F /* LeaguesTableViewCell.swift */,
				39BEB3F52BF13A9C0079327F /* LeaguesTableViewCell.xib */,
			);
			path = View;
			sourceTree = "<group>";
		};
		39BEB3EE2BF13A310079327F /* Model */ = {
			isa = PBXGroup;
			children = (
				39003E932BF12E350062B1AE /* Leagues.swift */,
			);
			path = Model;
			sourceTree = "<group>";
		};
		39BEB3EF2BF13A370079327F /* ViewModel */ = {
			isa = PBXGroup;
			children = (
				39BEB3F02BF13A540079327F /* LeaguesViewModel.swift */,
			);
			path = ViewModel;
			sourceTree = "<group>";
		};
/* End PBXGroup section */

/* Begin PBXNativeTarget section */
		39003E4C2BF12D250062B1AE /* Sports */ = {
			isa = PBXNativeTarget;
			buildConfigurationList = 39003E7A2BF12D270062B1AE /* Build configuration list for PBXNativeTarget "Sports" */;
			buildPhases = (
				39003E492BF12D250062B1AE /* Sources */,
				39003E4A2BF12D250062B1AE /* Frameworks */,
				39003E4B2BF12D250062B1AE /* Resources */,
			);
			buildRules = (
			);
			dependencies = (
			);
			name = Sports;
			packageProductDependencies = (
				39BEB3F92BF146DB0079327F /* Kingfisher */,
			);
			productName = Sports;
			productReference = 39003E4D2BF12D250062B1AE /* Sports.app */;
			productType = "com.apple.product-type.application";
		};
		39003E652BF12D270062B1AE /* SportsTests */ = {
			isa = PBXNativeTarget;
			buildConfigurationList = 39003E7D2BF12D270062B1AE /* Build configuration list for PBXNativeTarget "SportsTests" */;
			buildPhases = (
				39003E622BF12D270062B1AE /* Sources */,
				39003E632BF12D270062B1AE /* Frameworks */,
				39003E642BF12D270062B1AE /* Resources */,
			);
			buildRules = (
			);
			dependencies = (
				39003E682BF12D270062B1AE /* PBXTargetDependency */,
			);
			name = SportsTests;
			productName = SportsTests;
			productReference = 39003E662BF12D270062B1AE /* SportsTests.xctest */;
			productType = "com.apple.product-type.bundle.unit-test";
		};
		39003E6F2BF12D270062B1AE /* SportsUITests */ = {
			isa = PBXNativeTarget;
			buildConfigurationList = 39003E802BF12D270062B1AE /* Build configuration list for PBXNativeTarget "SportsUITests" */;
			buildPhases = (
				39003E6C2BF12D270062B1AE /* Sources */,
				39003E6D2BF12D270062B1AE /* Frameworks */,
				39003E6E2BF12D270062B1AE /* Resources */,
			);
			buildRules = (
			);
			dependencies = (
				39003E722BF12D270062B1AE /* PBXTargetDependency */,
			);
			name = SportsUITests;
			productName = SportsUITests;
			productReference = 39003E702BF12D270062B1AE /* SportsUITests.xctest */;
			productType = "com.apple.product-type.bundle.ui-testing";
		};
/* End PBXNativeTarget section */

/* Begin PBXProject section */
		39003E452BF12D250062B1AE /* Project object */ = {
			isa = PBXProject;
			attributes = {
				BuildIndependentTargetsInParallel = 1;
				LastSwiftUpdateCheck = 1530;
				LastUpgradeCheck = 1530;
				TargetAttributes = {
					39003E4C2BF12D250062B1AE = {
						CreatedOnToolsVersion = 15.3;
					};
					39003E652BF12D270062B1AE = {
						CreatedOnToolsVersion = 15.3;
						TestTargetID = 39003E4C2BF12D250062B1AE;
					};
					39003E6F2BF12D270062B1AE = {
						CreatedOnToolsVersion = 15.3;
						TestTargetID = 39003E4C2BF12D250062B1AE;
					};
				};
			};
			buildConfigurationList = 39003E482BF12D250062B1AE /* Build configuration list for PBXProject "Sports" */;
			compatibilityVersion = "Xcode 14.0";
			developmentRegion = en;
			hasScannedForEncodings = 0;
			knownRegions = (
				en,
				Base,
			);
			mainGroup = 39003E442BF12D250062B1AE;
			packageReferences = (
				39BEB3F82BF146DB0079327F /* XCRemoteSwiftPackageReference "Kingfisher" */,
			);
			productRefGroup = 39003E4E2BF12D250062B1AE /* Products */;
			projectDirPath = "";
			projectRoot = "";
			targets = (
				39003E4C2BF12D250062B1AE /* Sports */,
				39003E652BF12D270062B1AE /* SportsTests */,
				39003E6F2BF12D270062B1AE /* SportsUITests */,
			);
		};
/* End PBXProject section */

/* Begin PBXResourcesBuildPhase section */
		39003E4B2BF12D250062B1AE /* Resources */ = {
			isa = PBXResourcesBuildPhase;
			buildActionMask = 2147483647;
			files = (
				39003E5D2BF12D260062B1AE /* Assets.xcassets in Resources */,
				39003E602BF12D260062B1AE /* Base in Resources */,
				39BEB3F72BF13A9C0079327F /* LeaguesTableViewCell.xib in Resources */,
				39003E582BF12D250062B1AE /* Base in Resources */,
				39003E872BF12D680062B1AE /* HomeCollectionViewCell.xib in Resources */,
			);
			runOnlyForDeploymentPostprocessing = 0;
		};
		39003E642BF12D270062B1AE /* Resources */ = {
			isa = PBXResourcesBuildPhase;
			buildActionMask = 2147483647;
			files = (
			);
			runOnlyForDeploymentPostprocessing = 0;
		};
		39003E6E2BF12D270062B1AE /* Resources */ = {
			isa = PBXResourcesBuildPhase;
			buildActionMask = 2147483647;
			files = (
			);
			runOnlyForDeploymentPostprocessing = 0;
		};
/* End PBXResourcesBuildPhase section */

/* Begin PBXSourcesBuildPhase section */
		39003E492BF12D250062B1AE /* Sources */ = {
			isa = PBXSourcesBuildPhase;
			buildActionMask = 2147483647;
			files = (
				39003E962BF12EAC0062B1AE /* HomeCollectionViewController.swift in Sources */,
				39003E922BF12DFC0062B1AE /* Sport.swift in Sources */,
				39003E8D2BF12D8A0062B1AE /* ViewModel.swift in Sources */,
				39BEB3F32BF13A7A0079327F /* LeaguesTableViewController.swift in Sources */,
				39BEB3F12BF13A540079327F /* LeaguesViewModel.swift in Sources */,
				03BAF90C2BF3A551005E2DC8 /* LeagueDetailsModel.swift in Sources */,
				03BAF9122BF3A6D7005E2DC8 /* TeamsCollectionViewCell.swift in Sources */,
				39003E512BF12D250062B1AE /* AppDelegate.swift in Sources */,
				39003E5B2BF12D250062B1AE /* Sports.xcdatamodeld in Sources */,
				03BAF9102BF3A65D005E2DC8 /* LatestEventsCollectionViewCell.swift in Sources */,
				39003E532BF12D250062B1AE /* SceneDelegate.swift in Sources */,
				39003E882BF12D680062B1AE /* HomeCollectionViewCell.swift in Sources */,
				03BAF9142BF3A72B005E2DC8 /* SectionHeaderCollectionReusableView.swift in Sources */,
				03BAF90E2BF3A5A4005E2DC8 /* UpComingEventsCollectionViewCell.swift in Sources */,
				39003E942BF12E350062B1AE /* Leagues.swift in Sources */,
				39BEB3F62BF13A9C0079327F /* LeaguesTableViewCell.swift in Sources */,
				03BAF90A2BF3A4E9005E2DC8 /* LeagueDetailsCollectionViewController.swift in Sources */,
				39003E902BF12DB70062B1AE /* NetworkHandler.swift in Sources */,
			);
			runOnlyForDeploymentPostprocessing = 0;
		};
		39003E622BF12D270062B1AE /* Sources */ = {
			isa = PBXSourcesBuildPhase;
			buildActionMask = 2147483647;
			files = (
				39003E6B2BF12D270062B1AE /* SportsTests.swift in Sources */,
			);
			runOnlyForDeploymentPostprocessing = 0;
		};
		39003E6C2BF12D270062B1AE /* Sources */ = {
			isa = PBXSourcesBuildPhase;
			buildActionMask = 2147483647;
			files = (
				39003E752BF12D270062B1AE /* SportsUITests.swift in Sources */,
				39003E772BF12D270062B1AE /* SportsUITestsLaunchTests.swift in Sources */,
			);
			runOnlyForDeploymentPostprocessing = 0;
		};
/* End PBXSourcesBuildPhase section */

/* Begin PBXTargetDependency section */
		39003E682BF12D270062B1AE /* PBXTargetDependency */ = {
			isa = PBXTargetDependency;
			target = 39003E4C2BF12D250062B1AE /* Sports */;
			targetProxy = 39003E672BF12D270062B1AE /* PBXContainerItemProxy */;
		};
		39003E722BF12D270062B1AE /* PBXTargetDependency */ = {
			isa = PBXTargetDependency;
			target = 39003E4C2BF12D250062B1AE /* Sports */;
			targetProxy = 39003E712BF12D270062B1AE /* PBXContainerItemProxy */;
		};
/* End PBXTargetDependency section */

/* Begin PBXVariantGroup section */
		39003E562BF12D250062B1AE /* Main.storyboard */ = {
			isa = PBXVariantGroup;
			children = (
				39003E572BF12D250062B1AE /* Base */,
			);
			name = Main.storyboard;
			sourceTree = "<group>";
		};
		39003E5E2BF12D260062B1AE /* LaunchScreen.storyboard */ = {
			isa = PBXVariantGroup;
			children = (
				39003E5F2BF12D260062B1AE /* Base */,
			);
			name = LaunchScreen.storyboard;
			sourceTree = "<group>";
		};
/* End PBXVariantGroup section */

/* Begin XCBuildConfiguration section */
		39003E782BF12D270062B1AE /* Debug */ = {
			isa = XCBuildConfiguration;
			buildSettings = {
				ALWAYS_SEARCH_USER_PATHS = NO;
				ASSETCATALOG_COMPILER_GENERATE_SWIFT_ASSET_SYMBOL_EXTENSIONS = YES;
				CLANG_ANALYZER_NONNULL = YES;
				CLANG_ANALYZER_NUMBER_OBJECT_CONVERSION = YES_AGGRESSIVE;
				CLANG_CXX_LANGUAGE_STANDARD = "gnu++20";
				CLANG_ENABLE_MODULES = YES;
				CLANG_ENABLE_OBJC_ARC = YES;
				CLANG_ENABLE_OBJC_WEAK = YES;
				CLANG_WARN_BLOCK_CAPTURE_AUTORELEASING = YES;
				CLANG_WARN_BOOL_CONVERSION = YES;
				CLANG_WARN_COMMA = YES;
				CLANG_WARN_CONSTANT_CONVERSION = YES;
				CLANG_WARN_DEPRECATED_OBJC_IMPLEMENTATIONS = YES;
				CLANG_WARN_DIRECT_OBJC_ISA_USAGE = YES_ERROR;
				CLANG_WARN_DOCUMENTATION_COMMENTS = YES;
				CLANG_WARN_EMPTY_BODY = YES;
				CLANG_WARN_ENUM_CONVERSION = YES;
				CLANG_WARN_INFINITE_RECURSION = YES;
				CLANG_WARN_INT_CONVERSION = YES;
				CLANG_WARN_NON_LITERAL_NULL_CONVERSION = YES;
				CLANG_WARN_OBJC_IMPLICIT_RETAIN_SELF = YES;
				CLANG_WARN_OBJC_LITERAL_CONVERSION = YES;
				CLANG_WARN_OBJC_ROOT_CLASS = YES_ERROR;
				CLANG_WARN_QUOTED_INCLUDE_IN_FRAMEWORK_HEADER = YES;
				CLANG_WARN_RANGE_LOOP_ANALYSIS = YES;
				CLANG_WARN_STRICT_PROTOTYPES = YES;
				CLANG_WARN_SUSPICIOUS_MOVE = YES;
				CLANG_WARN_UNGUARDED_AVAILABILITY = YES_AGGRESSIVE;
				CLANG_WARN_UNREACHABLE_CODE = YES;
				CLANG_WARN__DUPLICATE_METHOD_MATCH = YES;
				COPY_PHASE_STRIP = NO;
				DEBUG_INFORMATION_FORMAT = dwarf;
				ENABLE_STRICT_OBJC_MSGSEND = YES;
				ENABLE_TESTABILITY = YES;
				ENABLE_USER_SCRIPT_SANDBOXING = YES;
				GCC_C_LANGUAGE_STANDARD = gnu17;
				GCC_DYNAMIC_NO_PIC = NO;
				GCC_NO_COMMON_BLOCKS = YES;
				GCC_OPTIMIZATION_LEVEL = 0;
				GCC_PREPROCESSOR_DEFINITIONS = (
					"DEBUG=1",
					"$(inherited)",
				);
				GCC_WARN_64_TO_32_BIT_CONVERSION = YES;
				GCC_WARN_ABOUT_RETURN_TYPE = YES_ERROR;
				GCC_WARN_UNDECLARED_SELECTOR = YES;
				GCC_WARN_UNINITIALIZED_AUTOS = YES_AGGRESSIVE;
				GCC_WARN_UNUSED_FUNCTION = YES;
				GCC_WARN_UNUSED_VARIABLE = YES;
				IPHONEOS_DEPLOYMENT_TARGET = 17.4;
				LOCALIZATION_PREFERS_STRING_CATALOGS = YES;
				MTL_ENABLE_DEBUG_INFO = INCLUDE_SOURCE;
				MTL_FAST_MATH = YES;
				ONLY_ACTIVE_ARCH = YES;
				SDKROOT = iphoneos;
				SWIFT_ACTIVE_COMPILATION_CONDITIONS = "DEBUG $(inherited)";
				SWIFT_OPTIMIZATION_LEVEL = "-Onone";
			};
			name = Debug;
		};
		39003E792BF12D270062B1AE /* Release */ = {
			isa = XCBuildConfiguration;
			buildSettings = {
				ALWAYS_SEARCH_USER_PATHS = NO;
				ASSETCATALOG_COMPILER_GENERATE_SWIFT_ASSET_SYMBOL_EXTENSIONS = YES;
				CLANG_ANALYZER_NONNULL = YES;
				CLANG_ANALYZER_NUMBER_OBJECT_CONVERSION = YES_AGGRESSIVE;
				CLANG_CXX_LANGUAGE_STANDARD = "gnu++20";
				CLANG_ENABLE_MODULES = YES;
				CLANG_ENABLE_OBJC_ARC = YES;
				CLANG_ENABLE_OBJC_WEAK = YES;
				CLANG_WARN_BLOCK_CAPTURE_AUTORELEASING = YES;
				CLANG_WARN_BOOL_CONVERSION = YES;
				CLANG_WARN_COMMA = YES;
				CLANG_WARN_CONSTANT_CONVERSION = YES;
				CLANG_WARN_DEPRECATED_OBJC_IMPLEMENTATIONS = YES;
				CLANG_WARN_DIRECT_OBJC_ISA_USAGE = YES_ERROR;
				CLANG_WARN_DOCUMENTATION_COMMENTS = YES;
				CLANG_WARN_EMPTY_BODY = YES;
				CLANG_WARN_ENUM_CONVERSION = YES;
				CLANG_WARN_INFINITE_RECURSION = YES;
				CLANG_WARN_INT_CONVERSION = YES;
				CLANG_WARN_NON_LITERAL_NULL_CONVERSION = YES;
				CLANG_WARN_OBJC_IMPLICIT_RETAIN_SELF = YES;
				CLANG_WARN_OBJC_LITERAL_CONVERSION = YES;
				CLANG_WARN_OBJC_ROOT_CLASS = YES_ERROR;
				CLANG_WARN_QUOTED_INCLUDE_IN_FRAMEWORK_HEADER = YES;
				CLANG_WARN_RANGE_LOOP_ANALYSIS = YES;
				CLANG_WARN_STRICT_PROTOTYPES = YES;
				CLANG_WARN_SUSPICIOUS_MOVE = YES;
				CLANG_WARN_UNGUARDED_AVAILABILITY = YES_AGGRESSIVE;
				CLANG_WARN_UNREACHABLE_CODE = YES;
				CLANG_WARN__DUPLICATE_METHOD_MATCH = YES;
				COPY_PHASE_STRIP = NO;
				DEBUG_INFORMATION_FORMAT = "dwarf-with-dsym";
				ENABLE_NS_ASSERTIONS = NO;
				ENABLE_STRICT_OBJC_MSGSEND = YES;
				ENABLE_USER_SCRIPT_SANDBOXING = YES;
				GCC_C_LANGUAGE_STANDARD = gnu17;
				GCC_NO_COMMON_BLOCKS = YES;
				GCC_WARN_64_TO_32_BIT_CONVERSION = YES;
				GCC_WARN_ABOUT_RETURN_TYPE = YES_ERROR;
				GCC_WARN_UNDECLARED_SELECTOR = YES;
				GCC_WARN_UNINITIALIZED_AUTOS = YES_AGGRESSIVE;
				GCC_WARN_UNUSED_FUNCTION = YES;
				GCC_WARN_UNUSED_VARIABLE = YES;
				IPHONEOS_DEPLOYMENT_TARGET = 17.4;
				LOCALIZATION_PREFERS_STRING_CATALOGS = YES;
				MTL_ENABLE_DEBUG_INFO = NO;
				MTL_FAST_MATH = YES;
				SDKROOT = iphoneos;
				SWIFT_COMPILATION_MODE = wholemodule;
				VALIDATE_PRODUCT = YES;
			};
			name = Release;
		};
		39003E7B2BF12D270062B1AE /* Debug */ = {
			isa = XCBuildConfiguration;
			buildSettings = {
				ASSETCATALOG_COMPILER_APPICON_NAME = AppIcon;
				ASSETCATALOG_COMPILER_GLOBAL_ACCENT_COLOR_NAME = AccentColor;
				CODE_SIGN_STYLE = Automatic;
				CURRENT_PROJECT_VERSION = 1;
				GENERATE_INFOPLIST_FILE = YES;
				INFOPLIST_FILE = Sports/Info.plist;
				INFOPLIST_KEY_UIApplicationSupportsIndirectInputEvents = YES;
				INFOPLIST_KEY_UILaunchStoryboardName = LaunchScreen;
				INFOPLIST_KEY_UIMainStoryboardFile = Main;
				INFOPLIST_KEY_UISupportedInterfaceOrientations_iPad = "UIInterfaceOrientationPortrait UIInterfaceOrientationPortraitUpsideDown UIInterfaceOrientationLandscapeLeft UIInterfaceOrientationLandscapeRight";
				INFOPLIST_KEY_UISupportedInterfaceOrientations_iPhone = "UIInterfaceOrientationPortrait UIInterfaceOrientationLandscapeLeft UIInterfaceOrientationLandscapeRight";
				IPHONEOS_DEPLOYMENT_TARGET = 16.2;
				LD_RUNPATH_SEARCH_PATHS = (
					"$(inherited)",
					"@executable_path/Frameworks",
				);
				MARKETING_VERSION = 1.0;
				PRODUCT_BUNDLE_IDENTIFIER = non.Sports;
				PRODUCT_NAME = "$(TARGET_NAME)";
				SWIFT_EMIT_LOC_STRINGS = YES;
				SWIFT_VERSION = 5.0;
				TARGETED_DEVICE_FAMILY = "1,2";
			};
			name = Debug;
		};
		39003E7C2BF12D270062B1AE /* Release */ = {
			isa = XCBuildConfiguration;
			buildSettings = {
				ASSETCATALOG_COMPILER_APPICON_NAME = AppIcon;
				ASSETCATALOG_COMPILER_GLOBAL_ACCENT_COLOR_NAME = AccentColor;
				CODE_SIGN_STYLE = Automatic;
				CURRENT_PROJECT_VERSION = 1;
				GENERATE_INFOPLIST_FILE = YES;
				INFOPLIST_FILE = Sports/Info.plist;
				INFOPLIST_KEY_UIApplicationSupportsIndirectInputEvents = YES;
				INFOPLIST_KEY_UILaunchStoryboardName = LaunchScreen;
				INFOPLIST_KEY_UIMainStoryboardFile = Main;
				INFOPLIST_KEY_UISupportedInterfaceOrientations_iPad = "UIInterfaceOrientationPortrait UIInterfaceOrientationPortraitUpsideDown UIInterfaceOrientationLandscapeLeft UIInterfaceOrientationLandscapeRight";
				INFOPLIST_KEY_UISupportedInterfaceOrientations_iPhone = "UIInterfaceOrientationPortrait UIInterfaceOrientationLandscapeLeft UIInterfaceOrientationLandscapeRight";
				IPHONEOS_DEPLOYMENT_TARGET = 16.2;
				LD_RUNPATH_SEARCH_PATHS = (
					"$(inherited)",
					"@executable_path/Frameworks",
				);
				MARKETING_VERSION = 1.0;
				PRODUCT_BUNDLE_IDENTIFIER = non.Sports;
				PRODUCT_NAME = "$(TARGET_NAME)";
				SWIFT_EMIT_LOC_STRINGS = YES;
				SWIFT_VERSION = 5.0;
				TARGETED_DEVICE_FAMILY = "1,2";
			};
			name = Release;
		};
		39003E7E2BF12D270062B1AE /* Debug */ = {
			isa = XCBuildConfiguration;
			buildSettings = {
				ALWAYS_EMBED_SWIFT_STANDARD_LIBRARIES = YES;
				BUNDLE_LOADER = "$(TEST_HOST)";
				CODE_SIGN_STYLE = Automatic;
				CURRENT_PROJECT_VERSION = 1;
				GENERATE_INFOPLIST_FILE = YES;
				IPHONEOS_DEPLOYMENT_TARGET = 17.4;
				MARKETING_VERSION = 1.0;
				PRODUCT_BUNDLE_IDENTIFIER = non.SportsTests;
				PRODUCT_NAME = "$(TARGET_NAME)";
				SWIFT_EMIT_LOC_STRINGS = NO;
				SWIFT_VERSION = 5.0;
				TARGETED_DEVICE_FAMILY = "1,2";
				TEST_HOST = "$(BUILT_PRODUCTS_DIR)/Sports.app/$(BUNDLE_EXECUTABLE_FOLDER_PATH)/Sports";
			};
			name = Debug;
		};
		39003E7F2BF12D270062B1AE /* Release */ = {
			isa = XCBuildConfiguration;
			buildSettings = {
				ALWAYS_EMBED_SWIFT_STANDARD_LIBRARIES = YES;
				BUNDLE_LOADER = "$(TEST_HOST)";
				CODE_SIGN_STYLE = Automatic;
				CURRENT_PROJECT_VERSION = 1;
				GENERATE_INFOPLIST_FILE = YES;
				IPHONEOS_DEPLOYMENT_TARGET = 17.4;
				MARKETING_VERSION = 1.0;
				PRODUCT_BUNDLE_IDENTIFIER = non.SportsTests;
				PRODUCT_NAME = "$(TARGET_NAME)";
				SWIFT_EMIT_LOC_STRINGS = NO;
				SWIFT_VERSION = 5.0;
				TARGETED_DEVICE_FAMILY = "1,2";
				TEST_HOST = "$(BUILT_PRODUCTS_DIR)/Sports.app/$(BUNDLE_EXECUTABLE_FOLDER_PATH)/Sports";
			};
			name = Release;
		};
		39003E812BF12D270062B1AE /* Debug */ = {
			isa = XCBuildConfiguration;
			buildSettings = {
				ALWAYS_EMBED_SWIFT_STANDARD_LIBRARIES = YES;
				CODE_SIGN_STYLE = Automatic;
				CURRENT_PROJECT_VERSION = 1;
				GENERATE_INFOPLIST_FILE = YES;
				MARKETING_VERSION = 1.0;
				PRODUCT_BUNDLE_IDENTIFIER = non.SportsUITests;
				PRODUCT_NAME = "$(TARGET_NAME)";
				SWIFT_EMIT_LOC_STRINGS = NO;
				SWIFT_VERSION = 5.0;
				TARGETED_DEVICE_FAMILY = "1,2";
				TEST_TARGET_NAME = Sports;
			};
			name = Debug;
		};
		39003E822BF12D270062B1AE /* Release */ = {
			isa = XCBuildConfiguration;
			buildSettings = {
				ALWAYS_EMBED_SWIFT_STANDARD_LIBRARIES = YES;
				CODE_SIGN_STYLE = Automatic;
				CURRENT_PROJECT_VERSION = 1;
				GENERATE_INFOPLIST_FILE = YES;
				MARKETING_VERSION = 1.0;
				PRODUCT_BUNDLE_IDENTIFIER = non.SportsUITests;
				PRODUCT_NAME = "$(TARGET_NAME)";
				SWIFT_EMIT_LOC_STRINGS = NO;
				SWIFT_VERSION = 5.0;
				TARGETED_DEVICE_FAMILY = "1,2";
				TEST_TARGET_NAME = Sports;
			};
			name = Release;
		};
/* End XCBuildConfiguration section */

/* Begin XCConfigurationList section */
		39003E482BF12D250062B1AE /* Build configuration list for PBXProject "Sports" */ = {
			isa = XCConfigurationList;
			buildConfigurations = (
				39003E782BF12D270062B1AE /* Debug */,
				39003E792BF12D270062B1AE /* Release */,
			);
			defaultConfigurationIsVisible = 0;
			defaultConfigurationName = Release;
		};
		39003E7A2BF12D270062B1AE /* Build configuration list for PBXNativeTarget "Sports" */ = {
			isa = XCConfigurationList;
			buildConfigurations = (
				39003E7B2BF12D270062B1AE /* Debug */,
				39003E7C2BF12D270062B1AE /* Release */,
			);
			defaultConfigurationIsVisible = 0;
			defaultConfigurationName = Release;
		};
		39003E7D2BF12D270062B1AE /* Build configuration list for PBXNativeTarget "SportsTests" */ = {
			isa = XCConfigurationList;
			buildConfigurations = (
				39003E7E2BF12D270062B1AE /* Debug */,
				39003E7F2BF12D270062B1AE /* Release */,
			);
			defaultConfigurationIsVisible = 0;
			defaultConfigurationName = Release;
		};
		39003E802BF12D270062B1AE /* Build configuration list for PBXNativeTarget "SportsUITests" */ = {
			isa = XCConfigurationList;
			buildConfigurations = (
				39003E812BF12D270062B1AE /* Debug */,
				39003E822BF12D270062B1AE /* Release */,
			);
			defaultConfigurationIsVisible = 0;
			defaultConfigurationName = Release;
		};
/* End XCConfigurationList section */

/* Begin XCRemoteSwiftPackageReference section */
		39BEB3F82BF146DB0079327F /* XCRemoteSwiftPackageReference "Kingfisher" */ = {
			isa = XCRemoteSwiftPackageReference;
			repositoryURL = "https://github.com/onevcat/Kingfisher.git";
			requirement = {
				kind = upToNextMajorVersion;
				minimumVersion = 7.11.0;
			};
		};
/* End XCRemoteSwiftPackageReference section */

/* Begin XCSwiftPackageProductDependency section */
		39BEB3F92BF146DB0079327F /* Kingfisher */ = {
			isa = XCSwiftPackageProductDependency;
			package = 39BEB3F82BF146DB0079327F /* XCRemoteSwiftPackageReference "Kingfisher" */;
			productName = Kingfisher;
		};
/* End XCSwiftPackageProductDependency section */

/* Begin XCVersionGroup section */
		39003E592BF12D250062B1AE /* Sports.xcdatamodeld */ = {
			isa = XCVersionGroup;
			children = (
				39003E5A2BF12D250062B1AE /* Sports.xcdatamodel */,
			);
			currentVersion = 39003E5A2BF12D250062B1AE /* Sports.xcdatamodel */;
			path = Sports.xcdatamodeld;
			sourceTree = "<group>";
			versionGroupType = wrapper.xcdatamodel;
		};
/* End XCVersionGroup section */
	};
	rootObject = 39003E452BF12D250062B1AE /* Project object */;
}
